
Microsoft Visual Studio Solution File, Format Version 12.00
# Visual Studio Version 16
VisualStudioVersion = 16.0.31624.102
MinimumVisualStudioVersion = 10.0.40219.1
Project("{FAE04EC0-301F-11D3-BF4B-00C04F79EFBC}") = "Final_Project", "Final_Project.csproj", "{FC1B8F30-967C-434E-8763-C34AFC4F0082}"
EndProject
Global
	GlobalSection(SolutionConfigurationPlatforms) = preSolution
		Debug|Any CPU = Debug|Any CPU
		Release|Any CPU = Release|Any CPU
	EndGlobalSection
	GlobalSection(ProjectConfigurationPlatforms) = postSolution
		{FC1B8F30-967C-434E-8763-C34AFC4F0082}.Debug|Any CPU.ActiveCfg = Debug|Any CPU
		{FC1B8F30-967C-434E-8763-C34AFC4F0082}.Debug|Any CPU.Build.0 = Debug|Any CPU
		{FC1B8F30-967C-434E-8763-C34AFC4F0082}.Release|Any CPU.ActiveCfg = Release|Any CPU
		{FC1B8F30-967C-434E-8763-C34AFC4F0082}.Release|Any CPU.Build.0 = Release|Any CPU
	EndGlobalSection
	GlobalSection(SolutionProperties) = preSolution
		HideSolutionNode = FALSE
	EndGlobalSection
	GlobalSection(ExtensibilityGlobals) = postSolution
		SolutionGuid = {BE9821C1-862E-4AFA-B908-AAB60B762C6D}
	EndGlobalSection
EndGlobal
